
Microsoft Visual Studio Solution File, Format Version 12.00
# Visual Studio Express 2012 for Windows Desktop
Project("{FAE04EC0-301F-11D3-BF4B-00C04F79EFBC}") = "tp_laboratorio_2", "tp_laboratorio_2\tp_laboratorio_2.csproj", "{61ACC54A-8339-43C5-A8A0-71900A037452}"
EndProject
Global
	GlobalSection(SolutionConfigurationPlatforms) = preSolution
		Debug|Any CPU = Debug|Any CPU
		Release|Any CPU = Release|Any CPU
	EndGlobalSection
	GlobalSection(ProjectConfigurationPlatforms) = postSolution
		{61ACC54A-8339-43C5-A8A0-71900A037452}.Debug|Any CPU.ActiveCfg = Debug|Any CPU
		{61ACC54A-8339-43C5-A8A0-71900A037452}.Debug|Any CPU.Build.0 = Debug|Any CPU
		{61ACC54A-8339-43C5-A8A0-71900A037452}.Release|Any CPU.ActiveCfg = Release|Any CPU
		{61ACC54A-8339-43C5-A8A0-71900A037452}.Release|Any CPU.Build.0 = Release|Any CPU
	EndGlobalSection
	GlobalSection(SolutionProperties) = preSolution
		HideSolutionNode = FALSE
	EndGlobalSection
EndGlobal
